{
  "name": "signalk-magnetic-variation",
  "version": "0.1.0",
  "lockfileVersion": 3,
  "requires": true,
  "packages": {
    "": {
      "name": "signalk-magnetic-variation",
      "version": "0.1.0",
      "license": "Apache-2.0",
      "dependencies": {
        "magvar": "2.0.1"
      },
      "engines": {
        "node": ">=18"
      }
    },
    "node_modules/magvar": {
      "version": "2.0.1",
      "resolved": "https://registry.npmjs.org/magvar/-/magvar-2.0.1.tgz",
      "integrity": "sha512-Fm0E+Suyf69fLD9IZnTvGwf+rkMw/LTSFZS9biqrvTI1M4E8zyqcZBpDLV87jQnAX1vy0lXdMBe66bE8LTtL5g=="
    }
  }
}
